
Microsoft Visual Studio Solution File, Format Version 12.00
# Visual Studio Version 16
VisualStudioVersion = 16.0.31829.152
MinimumVisualStudioVersion = 10.0.40219.1
Project("{FAE04EC0-301F-11D3-BF4B-00C04F79EFBC}") = "AppThreading", "AppThreading.csproj", "{6F6FECCC-9DDB-4BB7-A853-6DCFF97A9D25}"
EndProject
Global
	GlobalSection(SolutionConfigurationPlatforms) = preSolution
		Debug|Any CPU = Debug|Any CPU
		Release|Any CPU = Release|Any CPU
	EndGlobalSection
	GlobalSection(ProjectConfigurationPlatforms) = postSolution
		{6F6FECCC-9DDB-4BB7-A853-6DCFF97A9D25}.Debug|Any CPU.ActiveCfg = Debug|Any CPU
		{6F6FECCC-9DDB-4BB7-A853-6DCFF97A9D25}.Debug|Any CPU.Build.0 = Debug|Any CPU
		{6F6FECCC-9DDB-4BB7-A853-6DCFF97A9D25}.Release|Any CPU.ActiveCfg = Release|Any CPU
		{6F6FECCC-9DDB-4BB7-A853-6DCFF97A9D25}.Release|Any CPU.Build.0 = Release|Any CPU
	EndGlobalSection
	GlobalSection(SolutionProperties) = preSolution
		HideSolutionNode = FALSE
	EndGlobalSection
	GlobalSection(ExtensibilityGlobals) = postSolution
		SolutionGuid = {E7FCEC66-F91C-497D-9227-8808E4DD6C33}
	EndGlobalSection
EndGlobal
